// !$*UTF8*$!
{
	archiveVersion = 1;
	classes = {
	};
	objectVersion = 56;
	objects = {

/* Begin PBXBuildFile section */
		6D134B9C2AD4F57F0090EE2B /* CryptoAppApp.swift in Sources */ = {isa = PBXBuildFile; fileRef = 6D134B9B2AD4F57F0090EE2B /* CryptoAppApp.swift */; };
		6D134B9E2AD4F57F0090EE2B /* ContentView.swift in Sources */ = {isa = PBXBuildFile; fileRef = 6D134B9D2AD4F57F0090EE2B /* ContentView.swift */; };
		6D134BA02AD4F5800090EE2B /* Assets.xcassets in Resources */ = {isa = PBXBuildFile; fileRef = 6D134B9F2AD4F5800090EE2B /* Assets.xcassets */; };
		6D134BA32AD4F5800090EE2B /* Preview Assets.xcassets in Resources */ = {isa = PBXBuildFile; fileRef = 6D134BA22AD4F5800090EE2B /* Preview Assets.xcassets */; };
		6D134BB52AD4F6E10090EE2B /* HomeView.swift in Sources */ = {isa = PBXBuildFile; fileRef = 6D134BB42AD4F6E10090EE2B /* HomeView.swift */; };
		6D134BB72AD4F7FD0090EE2B /* TopMoversView.swift in Sources */ = {isa = PBXBuildFile; fileRef = 6D134BB62AD4F7FD0090EE2B /* TopMoversView.swift */; };
		6D134BB92AD4F8280090EE2B /* TopMoversItemView.swift in Sources */ = {isa = PBXBuildFile; fileRef = 6D134BB82AD4F8280090EE2B /* TopMoversItemView.swift */; };
		6D134BBB2AD711460090EE2B /* AllCoinsView.swift in Sources */ = {isa = PBXBuildFile; fileRef = 6D134BBA2AD711460090EE2B /* AllCoinsView.swift */; };
		6D134BBD2AD7115A0090EE2B /* CoinCellView.swift in Sources */ = {isa = PBXBuildFile; fileRef = 6D134BBC2AD7115A0090EE2B /* CoinCellView.swift */; };
		6D134BBF2AD719450090EE2B /* HomeViewModel.swift in Sources */ = {isa = PBXBuildFile; fileRef = 6D134BBE2AD719450090EE2B /* HomeViewModel.swift */; };
		6D378C332AD72DC5001434DA /* Coin.swift in Sources */ = {isa = PBXBuildFile; fileRef = 6D378C322AD72DC5001434DA /* Coin.swift */; };
		6D4013972AD75BF400AC0048 /* Kingfisher in Frameworks */ = {isa = PBXBuildFile; productRef = 6D4013962AD75BF400AC0048 /* Kingfisher */; };
		6D4013992AD75CA500AC0048 /* Double.swift in Sources */ = {isa = PBXBuildFile; fileRef = 6D4013982AD75CA500AC0048 /* Double.swift */; };
/* End PBXBuildFile section */

/* Begin PBXFileReference section */
		6D134B982AD4F57F0090EE2B /* CryptoApp.app */ = {isa = PBXFileReference; explicitFileType = wrapper.application; includeInIndex = 0; path = CryptoApp.app; sourceTree = BUILT_PRODUCTS_DIR; };
		6D134B9B2AD4F57F0090EE2B /* CryptoAppApp.swift */ = {isa = PBXFileReference; lastKnownFileType = sourcecode.swift; path = CryptoAppApp.swift; sourceTree = "<group>"; };
		6D134B9D2AD4F57F0090EE2B /* ContentView.swift */ = {isa = PBXFileReference; lastKnownFileType = sourcecode.swift; path = ContentView.swift; sourceTree = "<group>"; };
		6D134B9F2AD4F5800090EE2B /* Assets.xcassets */ = {isa = PBXFileReference; lastKnownFileType = folder.assetcatalog; path = Assets.xcassets; sourceTree = "<group>"; };
		6D134BA22AD4F5800090EE2B /* Preview Assets.xcassets */ = {isa = PBXFileReference; lastKnownFileType = folder.assetcatalog; path = "Preview Assets.xcassets"; sourceTree = "<group>"; };
		6D134BB42AD4F6E10090EE2B /* HomeView.swift */ = {isa = PBXFileReference; lastKnownFileType = sourcecode.swift; path = HomeView.swift; sourceTree = "<group>"; };
		6D134BB62AD4F7FD0090EE2B /* TopMoversView.swift */ = {isa = PBXFileReference; lastKnownFileType = sourcecode.swift; path = TopMoversView.swift; sourceTree = "<group>"; };
		6D134BB82AD4F8280090EE2B /* TopMoversItemView.swift */ = {isa = PBXFileReference; lastKnownFileType = sourcecode.swift; path = TopMoversItemView.swift; sourceTree = "<group>"; };
		6D134BBA2AD711460090EE2B /* AllCoinsView.swift */ = {isa = PBXFileReference; lastKnownFileType = sourcecode.swift; path = AllCoinsView.swift; sourceTree = "<group>"; };
		6D134BBC2AD7115A0090EE2B /* CoinCellView.swift */ = {isa = PBXFileReference; lastKnownFileType = sourcecode.swift; path = CoinCellView.swift; sourceTree = "<group>"; };
		6D134BBE2AD719450090EE2B /* HomeViewModel.swift */ = {isa = PBXFileReference; lastKnownFileType = sourcecode.swift; path = HomeViewModel.swift; sourceTree = "<group>"; };
		6D378C322AD72DC5001434DA /* Coin.swift */ = {isa = PBXFileReference; lastKnownFileType = sourcecode.swift; path = Coin.swift; sourceTree = "<group>"; };
		6D4013982AD75CA500AC0048 /* Double.swift */ = {isa = PBXFileReference; lastKnownFileType = sourcecode.swift; path = Double.swift; sourceTree = "<group>"; };
/* End PBXFileReference section */

/* Begin PBXFrameworksBuildPhase section */
		6D134B952AD4F57F0090EE2B /* Frameworks */ = {
			isa = PBXFrameworksBuildPhase;
			buildActionMask = 2147483647;
			files = (
				6D4013972AD75BF400AC0048 /* Kingfisher in Frameworks */,
			);
			runOnlyForDeploymentPostprocessing = 0;
		};
/* End PBXFrameworksBuildPhase section */

/* Begin PBXGroup section */
		6D134B8F2AD4F57F0090EE2B = {
			isa = PBXGroup;
			children = (
				6D134B9A2AD4F57F0090EE2B /* CryptoApp */,
				6D134B992AD4F57F0090EE2B /* Products */,
			);
			sourceTree = "<group>";
		};
		6D134B992AD4F57F0090EE2B /* Products */ = {
			isa = PBXGroup;
			children = (
				6D134B982AD4F57F0090EE2B /* CryptoApp.app */,
			);
			name = Products;
			sourceTree = "<group>";
		};
		6D134B9A2AD4F57F0090EE2B /* CryptoApp */ = {
			isa = PBXGroup;
			children = (
				6D134B9D2AD4F57F0090EE2B /* ContentView.swift */,
				6D134B9B2AD4F57F0090EE2B /* CryptoAppApp.swift */,
				6D134BB02AD4F6740090EE2B /* App */,
				6D134BAF2AD4F6700090EE2B /* Core */,
				6D134BAE2AD4F6140090EE2B /* Utils */,
				6D134BAD2AD4F6130090EE2B /* Extensions */,
				6D134BAC2AD4F6120090EE2B /* Models */,
				6D134B9F2AD4F5800090EE2B /* Assets.xcassets */,
				6D134BA12AD4F5800090EE2B /* Preview Content */,
			);
			path = CryptoApp;
			sourceTree = "<group>";
		};
		6D134BA12AD4F5800090EE2B /* Preview Content */ = {
			isa = PBXGroup;
			children = (
				6D134BA22AD4F5800090EE2B /* Preview Assets.xcassets */,
			);
			path = "Preview Content";
			sourceTree = "<group>";
		};
		6D134BAC2AD4F6120090EE2B /* Models */ = {
			isa = PBXGroup;
			children = (
				6D378C322AD72DC5001434DA /* Coin.swift */,
			);
			path = Models;
			sourceTree = "<group>";
		};
		6D134BAD2AD4F6130090EE2B /* Extensions */ = {
			isa = PBXGroup;
			children = (
				6D4013982AD75CA500AC0048 /* Double.swift */,
			);
			path = Extensions;
			sourceTree = "<group>";
		};
		6D134BAE2AD4F6140090EE2B /* Utils */ = {
			isa = PBXGroup;
			children = (
			);
			path = Utils;
			sourceTree = "<group>";
		};
		6D134BAF2AD4F6700090EE2B /* Core */ = {
			isa = PBXGroup;
			children = (
				6D134BB12AD4F68A0090EE2B /* Home */,
			);
			path = Core;
			sourceTree = "<group>";
		};
		6D134BB02AD4F6740090EE2B /* App */ = {
			isa = PBXGroup;
			children = (
			);
			path = App;
			sourceTree = "<group>";
		};
		6D134BB12AD4F68A0090EE2B /* Home */ = {
			isa = PBXGroup;
			children = (
				6D134BB32AD4F6C80090EE2B /* ViewModels */,
				6D134BB22AD4F6C40090EE2B /* Views */,
			);
			path = Home;
			sourceTree = "<group>";
		};
		6D134BB22AD4F6C40090EE2B /* Views */ = {
			isa = PBXGroup;
			children = (
				6D134BB42AD4F6E10090EE2B /* HomeView.swift */,
				6D134BB62AD4F7FD0090EE2B /* TopMoversView.swift */,
				6D134BB82AD4F8280090EE2B /* TopMoversItemView.swift */,
				6D134BBA2AD711460090EE2B /* AllCoinsView.swift */,
				6D134BBC2AD7115A0090EE2B /* CoinCellView.swift */,
			);
			path = Views;
			sourceTree = "<group>";
		};
		6D134BB32AD4F6C80090EE2B /* ViewModels */ = {
			isa = PBXGroup;
			children = (
				6D134BBE2AD719450090EE2B /* HomeViewModel.swift */,
			);
			path = ViewModels;
			sourceTree = "<group>";
		};
/* End PBXGroup section */

/* Begin PBXNativeTarget section */
		6D134B972AD4F57F0090EE2B /* CryptoApp */ = {
			isa = PBXNativeTarget;
			buildConfigurationList = 6D134BA62AD4F5800090EE2B /* Build configuration list for PBXNativeTarget "CryptoApp" */;
			buildPhases = (
				6D134B942AD4F57F0090EE2B /* Sources */,
				6D134B952AD4F57F0090EE2B /* Frameworks */,
				6D134B962AD4F57F0090EE2B /* Resources */,
			);
			buildRules = (
			);
			dependencies = (
			);
			name = CryptoApp;
			packageProductDependencies = (
				6D4013962AD75BF400AC0048 /* Kingfisher */,
			);
			productName = CryptoApp;
			productReference = 6D134B982AD4F57F0090EE2B /* CryptoApp.app */;
			productType = "com.apple.product-type.application";
		};
/* End PBXNativeTarget section */

/* Begin PBXProject section */
		6D134B902AD4F57F0090EE2B /* Project object */ = {
			isa = PBXProject;
			attributes = {
				BuildIndependentTargetsInParallel = 1;
				LastSwiftUpdateCheck = 1500;
				LastUpgradeCheck = 1500;
				TargetAttributes = {
					6D134B972AD4F57F0090EE2B = {
						CreatedOnToolsVersion = 15.0;
					};
				};
			};
			buildConfigurationList = 6D134B932AD4F57F0090EE2B /* Build configuration list for PBXProject "CryptoApp" */;
			compatibilityVersion = "Xcode 14.0";
			developmentRegion = en;
			hasScannedForEncodings = 0;
			knownRegions = (
				en,
				Base,
			);
			mainGroup = 6D134B8F2AD4F57F0090EE2B;
			packageReferences = (
				6D4013952AD75BF400AC0048 /* XCRemoteSwiftPackageReference "Kingfisher" */,
			);
			productRefGroup = 6D134B992AD4F57F0090EE2B /* Products */;
			projectDirPath = "";
			projectRoot = "";
			targets = (
				6D134B972AD4F57F0090EE2B /* CryptoApp */,
			);
		};
/* End PBXProject section */

/* Begin PBXResourcesBuildPhase section */
		6D134B962AD4F57F0090EE2B /* Resources */ = {
			isa = PBXResourcesBuildPhase;
			buildActionMask = 2147483647;
			files = (
				6D134BA32AD4F5800090EE2B /* Preview Assets.xcassets in Resources */,
				6D134BA02AD4F5800090EE2B /* Assets.xcassets in Resources */,
			);
			runOnlyForDeploymentPostprocessing = 0;
		};
/* End PBXResourcesBuildPhase section */

/* Begin PBXSourcesBuildPhase section */
		6D134B942AD4F57F0090EE2B /* Sources */ = {
			isa = PBXSourcesBuildPhase;
			buildActionMask = 2147483647;
			files = (
				6D378C332AD72DC5001434DA /* Coin.swift in Sources */,
				6D134BB72AD4F7FD0090EE2B /* TopMoversView.swift in Sources */,
				6D134BBB2AD711460090EE2B /* AllCoinsView.swift in Sources */,
				6D134BB52AD4F6E10090EE2B /* HomeView.swift in Sources */,
				6D134BBF2AD719450090EE2B /* HomeViewModel.swift in Sources */,
				6D134B9E2AD4F57F0090EE2B /* ContentView.swift in Sources */,
				6D134BBD2AD7115A0090EE2B /* CoinCellView.swift in Sources */,
				6D134B9C2AD4F57F0090EE2B /* CryptoAppApp.swift in Sources */,
				6D4013992AD75CA500AC0048 /* Double.swift in Sources */,
				6D134BB92AD4F8280090EE2B /* TopMoversItemView.swift in Sources */,
			);
			runOnlyForDeploymentPostprocessing = 0;
		};
/* End PBXSourcesBuildPhase section */

/* Begin XCBuildConfiguration section */
		6D134BA42AD4F5800090EE2B /* Debug */ = {
			isa = XCBuildConfiguration;
			buildSettings = {
				ALWAYS_SEARCH_USER_PATHS = NO;
				ASSETCATALOG_COMPILER_GENERATE_SWIFT_ASSET_SYMBOL_EXTENSIONS = YES;
				CLANG_ANALYZER_NONNULL = YES;
				CLANG_ANALYZER_NUMBER_OBJECT_CONVERSION = YES_AGGRESSIVE;
				CLANG_CXX_LANGUAGE_STANDARD = "gnu++20";
				CLANG_ENABLE_MODULES = YES;
				CLANG_ENABLE_OBJC_ARC = YES;
				CLANG_ENABLE_OBJC_WEAK = YES;
				CLANG_WARN_BLOCK_CAPTURE_AUTORELEASING = YES;
				CLANG_WARN_BOOL_CONVERSION = YES;
				CLANG_WARN_COMMA = YES;
				CLANG_WARN_CONSTANT_CONVERSION = YES;
				CLANG_WARN_DEPRECATED_OBJC_IMPLEMENTATIONS = YES;
				CLANG_WARN_DIRECT_OBJC_ISA_USAGE = YES_ERROR;
				CLANG_WARN_DOCUMENTATION_COMMENTS = YES;
				CLANG_WARN_EMPTY_BODY = YES;
				CLANG_WARN_ENUM_CONVERSION = YES;
				CLANG_WARN_INFINITE_RECURSION = YES;
				CLANG_WARN_INT_CONVERSION = YES;
				CLANG_WARN_NON_LITERAL_NULL_CONVERSION = YES;
				CLANG_WARN_OBJC_IMPLICIT_RETAIN_SELF = YES;
				CLANG_WARN_OBJC_LITERAL_CONVERSION = YES;
				CLANG_WARN_OBJC_ROOT_CLASS = YES_ERROR;
				CLANG_WARN_QUOTED_INCLUDE_IN_FRAMEWORK_HEADER = YES;
				CLANG_WARN_RANGE_LOOP_ANALYSIS = YES;
				CLANG_WARN_STRICT_PROTOTYPES = YES;
				CLANG_WARN_SUSPICIOUS_MOVE = YES;
				CLANG_WARN_UNGUARDED_AVAILABILITY = YES_AGGRESSIVE;
				CLANG_WARN_UNREACHABLE_CODE = YES;
				CLANG_WARN__DUPLICATE_METHOD_MATCH = YES;
				COPY_PHASE_STRIP = NO;
				DEBUG_INFORMATION_FORMAT = dwarf;
				ENABLE_STRICT_OBJC_MSGSEND = YES;
				ENABLE_TESTABILITY = YES;
				ENABLE_USER_SCRIPT_SANDBOXING = YES;
				GCC_C_LANGUAGE_STANDARD = gnu17;
				GCC_DYNAMIC_NO_PIC = NO;
				GCC_NO_COMMON_BLOCKS = YES;
				GCC_OPTIMIZATION_LEVEL = 0;
				GCC_PREPROCESSOR_DEFINITIONS = (
					"DEBUG=1",
					"$(inherited)",
				);
				GCC_WARN_64_TO_32_BIT_CONVERSION = YES;
				GCC_WARN_ABOUT_RETURN_TYPE = YES_ERROR;
				GCC_WARN_UNDECLARED_SELECTOR = YES;
				GCC_WARN_UNINITIALIZED_AUTOS = YES_AGGRESSIVE;
				GCC_WARN_UNUSED_FUNCTION = YES;
				GCC_WARN_UNUSED_VARIABLE = YES;
				IPHONEOS_DEPLOYMENT_TARGET = 17.0;
				LOCALIZATION_PREFERS_STRING_CATALOGS = YES;
				MTL_ENABLE_DEBUG_INFO = INCLUDE_SOURCE;
				MTL_FAST_MATH = YES;
				ONLY_ACTIVE_ARCH = YES;
				SDKROOT = iphoneos;
				SWIFT_ACTIVE_COMPILATION_CONDITIONS = "DEBUG $(inherited)";
				SWIFT_OPTIMIZATION_LEVEL = "-Onone";
			};
			name = Debug;
		};
		6D134BA52AD4F5800090EE2B /* Release */ = {
			isa = XCBuildConfiguration;
			buildSettings = {
				ALWAYS_SEARCH_USER_PATHS = NO;
				ASSETCATALOG_COMPILER_GENERATE_SWIFT_ASSET_SYMBOL_EXTENSIONS = YES;
				CLANG_ANALYZER_NONNULL = YES;
				CLANG_ANALYZER_NUMBER_OBJECT_CONVERSION = YES_AGGRESSIVE;
				CLANG_CXX_LANGUAGE_STANDARD = "gnu++20";
				CLANG_ENABLE_MODULES = YES;
				CLANG_ENABLE_OBJC_ARC = YES;
				CLANG_ENABLE_OBJC_WEAK = YES;
				CLANG_WARN_BLOCK_CAPTURE_AUTORELEASING = YES;
				CLANG_WARN_BOOL_CONVERSION = YES;
				CLANG_WARN_COMMA = YES;
				CLANG_WARN_CONSTANT_CONVERSION = YES;
				CLANG_WARN_DEPRECATED_OBJC_IMPLEMENTATIONS = YES;
				CLANG_WARN_DIRECT_OBJC_ISA_USAGE = YES_ERROR;
				CLANG_WARN_DOCUMENTATION_COMMENTS = YES;
				CLANG_WARN_EMPTY_BODY = YES;
				CLANG_WARN_ENUM_CONVERSION = YES;
				CLANG_WARN_INFINITE_RECURSION = YES;
				CLANG_WARN_INT_CONVERSION = YES;
				CLANG_WARN_NON_LITERAL_NULL_CONVERSION = YES;
				CLANG_WARN_OBJC_IMPLICIT_RETAIN_SELF = YES;
				CLANG_WARN_OBJC_LITERAL_CONVERSION = YES;
				CLANG_WARN_OBJC_ROOT_CLASS = YES_ERROR;
				CLANG_WARN_QUOTED_INCLUDE_IN_FRAMEWORK_HEADER = YES;
				CLANG_WARN_RANGE_LOOP_ANALYSIS = YES;
				CLANG_WARN_STRICT_PROTOTYPES = YES;
				CLANG_WARN_SUSPICIOUS_MOVE = YES;
				CLANG_WARN_UNGUARDED_AVAILABILITY = YES_AGGRESSIVE;
				CLANG_WARN_UNREACHABLE_CODE = YES;
				CLANG_WARN__DUPLICATE_METHOD_MATCH = YES;
				COPY_PHASE_STRIP = NO;
				DEBUG_INFORMATION_FORMAT = "dwarf-with-dsym";
				ENABLE_NS_ASSERTIONS = NO;
				ENABLE_STRICT_OBJC_MSGSEND = YES;
				ENABLE_USER_SCRIPT_SANDBOXING = YES;
				GCC_C_LANGUAGE_STANDARD = gnu17;
				GCC_NO_COMMON_BLOCKS = YES;
				GCC_WARN_64_TO_32_BIT_CONVERSION = YES;
				GCC_WARN_ABOUT_RETURN_TYPE = YES_ERROR;
				GCC_WARN_UNDECLARED_SELECTOR = YES;
				GCC_WARN_UNINITIALIZED_AUTOS = YES_AGGRESSIVE;
				GCC_WARN_UNUSED_FUNCTION = YES;
				GCC_WARN_UNUSED_VARIABLE = YES;
				IPHONEOS_DEPLOYMENT_TARGET = 17.0;
				LOCALIZATION_PREFERS_STRING_CATALOGS = YES;
				MTL_ENABLE_DEBUG_INFO = NO;
				MTL_FAST_MATH = YES;
				SDKROOT = iphoneos;
				SWIFT_COMPILATION_MODE = wholemodule;
				VALIDATE_PRODUCT = YES;
			};
			name = Release;
		};
		6D134BA72AD4F5800090EE2B /* Debug */ = {
			isa = XCBuildConfiguration;
			buildSettings = {
				ASSETCATALOG_COMPILER_APPICON_NAME = AppIcon;
				ASSETCATALOG_COMPILER_GLOBAL_ACCENT_COLOR_NAME = AccentColor;
				CODE_SIGN_STYLE = Automatic;
				CURRENT_PROJECT_VERSION = 1;
				DEVELOPMENT_ASSET_PATHS = "\"CryptoApp/Preview Content\"";
				ENABLE_PREVIEWS = YES;
				GENERATE_INFOPLIST_FILE = YES;
				INFOPLIST_KEY_UIApplicationSceneManifest_Generation = YES;
				INFOPLIST_KEY_UIApplicationSupportsIndirectInputEvents = YES;
				INFOPLIST_KEY_UILaunchScreen_Generation = YES;
				INFOPLIST_KEY_UISupportedInterfaceOrientations_iPad = "UIInterfaceOrientationPortrait UIInterfaceOrientationPortraitUpsideDown UIInterfaceOrientationLandscapeLeft UIInterfaceOrientationLandscapeRight";
				INFOPLIST_KEY_UISupportedInterfaceOrientations_iPhone = "UIInterfaceOrientationPortrait UIInterfaceOrientationLandscapeLeft UIInterfaceOrientationLandscapeRight";
				LD_RUNPATH_SEARCH_PATHS = (
					"$(inherited)",
					"@executable_path/Frameworks",
				);
				MARKETING_VERSION = 1.0;
				PRODUCT_BUNDLE_IDENTIFIER = com.joaquincastrillon.CryptoApp;
				PRODUCT_NAME = "$(TARGET_NAME)";
				SWIFT_EMIT_LOC_STRINGS = YES;
				SWIFT_VERSION = 5.0;
				TARGETED_DEVICE_FAMILY = "1,2";
			};
			name = Debug;
		};
		6D134BA82AD4F5800090EE2B /* Release */ = {
			isa = XCBuildConfiguration;
			buildSettings = {
				ASSETCATALOG_COMPILER_APPICON_NAME = AppIcon;
				ASSETCATALOG_COMPILER_GLOBAL_ACCENT_COLOR_NAME = AccentColor;
				CODE_SIGN_STYLE = Automatic;
				CURRENT_PROJECT_VERSION = 1;
				DEVELOPMENT_ASSET_PATHS = "\"CryptoApp/Preview Content\"";
				ENABLE_PREVIEWS = YES;
				GENERATE_INFOPLIST_FILE = YES;
				INFOPLIST_KEY_UIApplicationSceneManifest_Generation = YES;
				INFOPLIST_KEY_UIApplicationSupportsIndirectInputEvents = YES;
				INFOPLIST_KEY_UILaunchScreen_Generation = YES;
				INFOPLIST_KEY_UISupportedInterfaceOrientations_iPad = "UIInterfaceOrientationPortrait UIInterfaceOrientationPortraitUpsideDown UIInterfaceOrientationLandscapeLeft UIInterfaceOrientationLandscapeRight";
				INFOPLIST_KEY_UISupportedInterfaceOrientations_iPhone = "UIInterfaceOrientationPortrait UIInterfaceOrientationLandscapeLeft UIInterfaceOrientationLandscapeRight";
				LD_RUNPATH_SEARCH_PATHS = (
					"$(inherited)",
					"@executable_path/Frameworks",
				);
				MARKETING_VERSION = 1.0;
				PRODUCT_BUNDLE_IDENTIFIER = com.joaquincastrillon.CryptoApp;
				PRODUCT_NAME = "$(TARGET_NAME)";
				SWIFT_EMIT_LOC_STRINGS = YES;
				SWIFT_VERSION = 5.0;
				TARGETED_DEVICE_FAMILY = "1,2";
			};
			name = Release;
		};
/* End XCBuildConfiguration section */

/* Begin XCConfigurationList section */
		6D134B932AD4F57F0090EE2B /* Build configuration list for PBXProject "CryptoApp" */ = {
			isa = XCConfigurationList;
			buildConfigurations = (
				6D134BA42AD4F5800090EE2B /* Debug */,
				6D134BA52AD4F5800090EE2B /* Release */,
			);
			defaultConfigurationIsVisible = 0;
			defaultConfigurationName = Release;
		};
		6D134BA62AD4F5800090EE2B /* Build configuration list for PBXNativeTarget "CryptoApp" */ = {
			isa = XCConfigurationList;
			buildConfigurations = (
				6D134BA72AD4F5800090EE2B /* Debug */,
				6D134BA82AD4F5800090EE2B /* Release */,
			);
			defaultConfigurationIsVisible = 0;
			defaultConfigurationName = Release;
		};
/* End XCConfigurationList section */

/* Begin XCRemoteSwiftPackageReference section */
		6D4013952AD75BF400AC0048 /* XCRemoteSwiftPackageReference "Kingfisher" */ = {
			isa = XCRemoteSwiftPackageReference;
			repositoryURL = "https://github.com/onevcat/Kingfisher.git";
			requirement = {
				kind = upToNextMajorVersion;
				minimumVersion = 7.9.1;
			};
		};
/* End XCRemoteSwiftPackageReference section */

/* Begin XCSwiftPackageProductDependency section */
		6D4013962AD75BF400AC0048 /* Kingfisher */ = {
			isa = XCSwiftPackageProductDependency;
			package = 6D4013952AD75BF400AC0048 /* XCRemoteSwiftPackageReference "Kingfisher" */;
			productName = Kingfisher;
		};
/* End XCSwiftPackageProductDependency section */
	};
	rootObject = 6D134B902AD4F57F0090EE2B /* Project object */;
}
